
Microsoft Visual Studio Solution File, Format Version 12.00
# Visual Studio Version 16
VisualStudioVersion = 16.0.31702.278
MinimumVisualStudioVersion = 10.0.40219.1
Project("{9092AA53-FB77-4645-B42D-1CCCA6BD08BD}") = "VuejsMallApp", "VuejsMallApp\VuejsMallApp.njsproj", "{AB2C22DB-CAA5-4120-A93B-B21EB1695963}"
EndProject
Global
	GlobalSection(SolutionConfigurationPlatforms) = preSolution
		Debug|Any CPU = Debug|Any CPU
		Release|Any CPU = Release|Any CPU
	EndGlobalSection
	GlobalSection(ProjectConfigurationPlatforms) = postSolution
		{AB2C22DB-CAA5-4120-A93B-B21EB1695963}.Debug|Any CPU.ActiveCfg = Debug|Any CPU
		{AB2C22DB-CAA5-4120-A93B-B21EB1695963}.Debug|Any CPU.Build.0 = Debug|Any CPU
		{AB2C22DB-CAA5-4120-A93B-B21EB1695963}.Release|Any CPU.ActiveCfg = Release|Any CPU
		{AB2C22DB-CAA5-4120-A93B-B21EB1695963}.Release|Any CPU.Build.0 = Release|Any CPU
	EndGlobalSection
	GlobalSection(SolutionProperties) = preSolution
		HideSolutionNode = FALSE
	EndGlobalSection
	GlobalSection(ExtensibilityGlobals) = postSolution
		SolutionGuid = {E6601BF8-3BBB-4B70-9376-B972FB07F4AF}
	EndGlobalSection
EndGlobal
